
Microsoft Visual Studio Solution File, Format Version 12.00
# Visual Studio Version 17
VisualStudioVersion = 17.4.33205.214
MinimumVisualStudioVersion = 10.0.40219.1
Project("{FAE04EC0-301F-11D3-BF4B-00C04F79EFBC}") = "PostgradosGestionInformacion", "PostgradosGestionInformacion\PostgradosGestionInformacion.csproj", "{5B2D4EEB-929F-423A-88DA-C4C1887377BB}"
EndProject
Project("{FAE04EC0-301F-11D3-BF4B-00C04F79EFBC}") = "Data", "Data\Data.csproj", "{13521A28-C363-4A08-B69E-5FFE211FE4EA}"
EndProject
Project("{FAE04EC0-301F-11D3-BF4B-00C04F79EFBC}") = "Negocio", "Negocio\Negocio.csproj", "{A1DDE0A6-E86E-4CCF-A450-357AA0E59D72}"
EndProject
Project("{FAE04EC0-301F-11D3-BF4B-00C04F79EFBC}") = "Entities", "Entities\Entities.csproj", "{4802289C-246C-4299-B7EA-4CF834B21247}"
EndProject
Global
	GlobalSection(SolutionConfigurationPlatforms) = preSolution
		Debug|Any CPU = Debug|Any CPU
		Release|Any CPU = Release|Any CPU
	EndGlobalSection
	GlobalSection(ProjectConfigurationPlatforms) = postSolution
		{5B2D4EEB-929F-423A-88DA-C4C1887377BB}.Debug|Any CPU.ActiveCfg = Debug|Any CPU
		{5B2D4EEB-929F-423A-88DA-C4C1887377BB}.Debug|Any CPU.Build.0 = Debug|Any CPU
		{5B2D4EEB-929F-423A-88DA-C4C1887377BB}.Release|Any CPU.ActiveCfg = Release|Any CPU
		{5B2D4EEB-929F-423A-88DA-C4C1887377BB}.Release|Any CPU.Build.0 = Release|Any CPU
		{13521A28-C363-4A08-B69E-5FFE211FE4EA}.Debug|Any CPU.ActiveCfg = Debug|Any CPU
		{13521A28-C363-4A08-B69E-5FFE211FE4EA}.Debug|Any CPU.Build.0 = Debug|Any CPU
		{13521A28-C363-4A08-B69E-5FFE211FE4EA}.Release|Any CPU.ActiveCfg = Release|Any CPU
		{13521A28-C363-4A08-B69E-5FFE211FE4EA}.Release|Any CPU.Build.0 = Release|Any CPU
		{A1DDE0A6-E86E-4CCF-A450-357AA0E59D72}.Debug|Any CPU.ActiveCfg = Debug|Any CPU
		{A1DDE0A6-E86E-4CCF-A450-357AA0E59D72}.Debug|Any CPU.Build.0 = Debug|Any CPU
		{A1DDE0A6-E86E-4CCF-A450-357AA0E59D72}.Release|Any CPU.ActiveCfg = Release|Any CPU
		{A1DDE0A6-E86E-4CCF-A450-357AA0E59D72}.Release|Any CPU.Build.0 = Release|Any CPU
		{4802289C-246C-4299-B7EA-4CF834B21247}.Debug|Any CPU.ActiveCfg = Debug|Any CPU
		{4802289C-246C-4299-B7EA-4CF834B21247}.Debug|Any CPU.Build.0 = Debug|Any CPU
		{4802289C-246C-4299-B7EA-4CF834B21247}.Release|Any CPU.ActiveCfg = Release|Any CPU
		{4802289C-246C-4299-B7EA-4CF834B21247}.Release|Any CPU.Build.0 = Release|Any CPU
	EndGlobalSection
	GlobalSection(SolutionProperties) = preSolution
		HideSolutionNode = FALSE
	EndGlobalSection
	GlobalSection(ExtensibilityGlobals) = postSolution
		SolutionGuid = {CFF77B5A-DEB1-41AC-B0F0-EB10BB422D1B}
	EndGlobalSection
EndGlobal
